
Microsoft Visual Studio Solution File, Format Version 12.00
# Visual Studio Version 17
VisualStudioVersion = 17.2.32602.215
MinimumVisualStudioVersion = 10.0.40219.1
Project("{FAE04EC0-301F-11D3-BF4B-00C04F79EFBC}") = "SubjectManager.Api", "Api\SubjectManager.Api.csproj", "{647620B7-DF39-4D4D-A172-D4BEFD6C1114}"
EndProject
Project("{FAE04EC0-301F-11D3-BF4B-00C04F79EFBC}") = "SubjectManager.Test", "SubjectManager.Test\SubjectManager.Test.csproj", "{076F2DFB-35B4-4D64-BC0D-DDB45F22D7F9}"
EndProject
Global
	GlobalSection(SolutionConfigurationPlatforms) = preSolution
		Debug|Any CPU = Debug|Any CPU
		Release|Any CPU = Release|Any CPU
	EndGlobalSection
	GlobalSection(ProjectConfigurationPlatforms) = postSolution
		{35D2F773-5616-4ED5-8014-AED6C74E1C62}.Debug|Any CPU.ActiveCfg = Debug|Any CPU
		{35D2F773-5616-4ED5-8014-AED6C74E1C62}.Debug|Any CPU.Build.0 = Debug|Any CPU
		{35D2F773-5616-4ED5-8014-AED6C74E1C62}.Release|Any CPU.ActiveCfg = Release|Any CPU
		{35D2F773-5616-4ED5-8014-AED6C74E1C62}.Release|Any CPU.Build.0 = Release|Any CPU
		{647620B7-DF39-4D4D-A172-D4BEFD6C1114}.Debug|Any CPU.ActiveCfg = Debug|Any CPU
		{647620B7-DF39-4D4D-A172-D4BEFD6C1114}.Debug|Any CPU.Build.0 = Debug|Any CPU
		{647620B7-DF39-4D4D-A172-D4BEFD6C1114}.Release|Any CPU.ActiveCfg = Release|Any CPU
		{647620B7-DF39-4D4D-A172-D4BEFD6C1114}.Release|Any CPU.Build.0 = Release|Any CPU
		{076F2DFB-35B4-4D64-BC0D-DDB45F22D7F9}.Debug|Any CPU.ActiveCfg = Debug|Any CPU
		{076F2DFB-35B4-4D64-BC0D-DDB45F22D7F9}.Debug|Any CPU.Build.0 = Debug|Any CPU
		{076F2DFB-35B4-4D64-BC0D-DDB45F22D7F9}.Release|Any CPU.ActiveCfg = Release|Any CPU
		{076F2DFB-35B4-4D64-BC0D-DDB45F22D7F9}.Release|Any CPU.Build.0 = Release|Any CPU
	EndGlobalSection
	GlobalSection(SolutionProperties) = preSolution
		HideSolutionNode = FALSE
	EndGlobalSection
	GlobalSection(ExtensibilityGlobals) = postSolution
		SolutionGuid = {FB75C47F-E37E-4B55-A22D-5573F303D935}
	EndGlobalSection
EndGlobal
