
Microsoft Visual Studio Solution File, Format Version 12.00
# Visual Studio Version 17
VisualStudioVersion = 17.2.32602.215
MinimumVisualStudioVersion = 10.0.40219.1
Project("{FAE04EC0-301F-11D3-BF4B-00C04F79EFBC}") = "SubjectManager.Domain", "SubjectManager.Domain\SubjectManager.Domain.csproj", "{717ED669-ED45-467C-81CA-5C9A95BEA845}"
EndProject
Project("{FAE04EC0-301F-11D3-BF4B-00C04F79EFBC}") = "SubjectManager.Shared", "SubjectManager.Shared\SubjectManager.Shared.csproj", "{7468489A-1FF8-4C31-B57D-20C74E6ABC9F}"
EndProject
Project("{FAE04EC0-301F-11D3-BF4B-00C04F79EFBC}") = "SubjectManager.Test", "SubjectManager.Test\SubjectManager.Test.csproj", "{2E6EFE61-EF4C-4BA0-977C-E7B8CC1E97E5}"
EndProject
Project("{FAE04EC0-301F-11D3-BF4B-00C04F79EFBC}") = "SubjectManager", "SubjectManager\SubjectManager.csproj", "{4FDFD603-7B2D-4499-92B4-16F17859F086}"
EndProject
Project("{FAE04EC0-301F-11D3-BF4B-00C04F79EFBC}") = "SubjectManager.Api", "SubjectManager.Api\SubjectManager.Api.csproj", "{A389CA0C-9CB1-47ED-A664-C8337C358BD6}"
EndProject
Global
	GlobalSection(SolutionConfigurationPlatforms) = preSolution
		Debug|Any CPU = Debug|Any CPU
		Release|Any CPU = Release|Any CPU
	EndGlobalSection
	GlobalSection(ProjectConfigurationPlatforms) = postSolution
		{717ED669-ED45-467C-81CA-5C9A95BEA845}.Debug|Any CPU.ActiveCfg = Debug|Any CPU
		{717ED669-ED45-467C-81CA-5C9A95BEA845}.Debug|Any CPU.Build.0 = Debug|Any CPU
		{717ED669-ED45-467C-81CA-5C9A95BEA845}.Release|Any CPU.ActiveCfg = Release|Any CPU
		{717ED669-ED45-467C-81CA-5C9A95BEA845}.Release|Any CPU.Build.0 = Release|Any CPU
		{7468489A-1FF8-4C31-B57D-20C74E6ABC9F}.Debug|Any CPU.ActiveCfg = Debug|Any CPU
		{7468489A-1FF8-4C31-B57D-20C74E6ABC9F}.Debug|Any CPU.Build.0 = Debug|Any CPU
		{7468489A-1FF8-4C31-B57D-20C74E6ABC9F}.Release|Any CPU.ActiveCfg = Release|Any CPU
		{7468489A-1FF8-4C31-B57D-20C74E6ABC9F}.Release|Any CPU.Build.0 = Release|Any CPU
		{2E6EFE61-EF4C-4BA0-977C-E7B8CC1E97E5}.Debug|Any CPU.ActiveCfg = Debug|Any CPU
		{2E6EFE61-EF4C-4BA0-977C-E7B8CC1E97E5}.Debug|Any CPU.Build.0 = Debug|Any CPU
		{2E6EFE61-EF4C-4BA0-977C-E7B8CC1E97E5}.Release|Any CPU.ActiveCfg = Release|Any CPU
		{2E6EFE61-EF4C-4BA0-977C-E7B8CC1E97E5}.Release|Any CPU.Build.0 = Release|Any CPU
		{4FDFD603-7B2D-4499-92B4-16F17859F086}.Debug|Any CPU.ActiveCfg = Debug|Any CPU
		{4FDFD603-7B2D-4499-92B4-16F17859F086}.Debug|Any CPU.Build.0 = Debug|Any CPU
		{4FDFD603-7B2D-4499-92B4-16F17859F086}.Release|Any CPU.ActiveCfg = Release|Any CPU
		{4FDFD603-7B2D-4499-92B4-16F17859F086}.Release|Any CPU.Build.0 = Release|Any CPU
		{A389CA0C-9CB1-47ED-A664-C8337C358BD6}.Debug|Any CPU.ActiveCfg = Debug|Any CPU
		{A389CA0C-9CB1-47ED-A664-C8337C358BD6}.Debug|Any CPU.Build.0 = Debug|Any CPU
		{A389CA0C-9CB1-47ED-A664-C8337C358BD6}.Release|Any CPU.ActiveCfg = Release|Any CPU
		{A389CA0C-9CB1-47ED-A664-C8337C358BD6}.Release|Any CPU.Build.0 = Release|Any CPU
	EndGlobalSection
	GlobalSection(SolutionProperties) = preSolution
		HideSolutionNode = FALSE
	EndGlobalSection
	GlobalSection(ExtensibilityGlobals) = postSolution
		SolutionGuid = {FB75C47F-E37E-4B55-A22D-5573F303D935}
	EndGlobalSection
EndGlobal
